PODS:
  - FBSnapshotTestCase (2.1.4):
    - FBSnapshotTestCase/SwiftSupport (= 2.1.4)
  - FBSnapshotTestCase/Core (2.1.4)
  - FBSnapshotTestCase/SwiftSupport (2.1.4):
    - FBSnapshotTestCase/Core
  - NHT_Category (0.1.0)

DEPENDENCIES:
  - FBSnapshotTestCase
  - NHT_Category (from `../`)

SPEC REPOS:
  trunk:
    - FBSnapshotTestCase

EXTERNAL SOURCES:
  NHT_Category:
    :path: "../"

SPEC CHECKSUMS:
  FBSnapshotTestCase: 094f9f314decbabe373b87cc339bea235a63e07a
  NHT_Category: 777eaaa6847ba070db18d24a088e1b7003dcc9fa

PODFILE CHECKSUM: 14b7e474f38b3f9b6eca0ea068cb68c522126d9e

COCOAPODS: 1.12.0
